
Microsoft Visual Studio Solution File, Format Version 12.00
# Visual Studio Version 17
VisualStudioVersion = 17.5.33530.505
MinimumVisualStudioVersion = 10.0.40219.1
Project("{8BC9CEB8-8B4A-11D0-8D11-00A0C91BC942}") = "wui3", "wui3.vcxproj", "{3A871C11-66E5-4199-A3CD-929059082021}"
EndProject
Project("{8BC9CEB8-8B4A-11D0-8D11-00A0C91BC942}") = "Test", "..\Test\Test.vcxproj", "{72FB3CD0-3DA0-41E2-A662-84336A82E58B}"
	ProjectSection(ProjectDependencies) = postProject
		{3A871C11-66E5-4199-A3CD-929059082021} = {3A871C11-66E5-4199-A3CD-929059082021}
	EndProjectSection
EndProject
Global
	GlobalSection(SolutionConfigurationPlatforms) = preSolution
		Debug|ARM64 = Debug|ARM64
		Debug|x64 = Debug|x64
		Debug|x86 = Debug|x86
		Release|ARM64 = Release|ARM64
		Release|x64 = Release|x64
		Release|x86 = Release|x86
	EndGlobalSection
	GlobalSection(ProjectConfigurationPlatforms) = postSolution
		{3A871C11-66E5-4199-A3CD-929059082021}.Debug|ARM64.ActiveCfg = Debug|ARM64
		{3A871C11-66E5-4199-A3CD-929059082021}.Debug|ARM64.Build.0 = Debug|ARM64
		{3A871C11-66E5-4199-A3CD-929059082021}.Debug|ARM64.Deploy.0 = Debug|ARM64
		{3A871C11-66E5-4199-A3CD-929059082021}.Debug|x64.ActiveCfg = Debug|x64
		{3A871C11-66E5-4199-A3CD-929059082021}.Debug|x64.Build.0 = Debug|x64
		{3A871C11-66E5-4199-A3CD-929059082021}.Debug|x64.Deploy.0 = Debug|x64
		{3A871C11-66E5-4199-A3CD-929059082021}.Debug|x86.ActiveCfg = Debug|Win32
		{3A871C11-66E5-4199-A3CD-929059082021}.Debug|x86.Build.0 = Debug|Win32
		{3A871C11-66E5-4199-A3CD-929059082021}.Debug|x86.Deploy.0 = Debug|Win32
		{3A871C11-66E5-4199-A3CD-929059082021}.Release|ARM64.ActiveCfg = Release|ARM64
		{3A871C11-66E5-4199-A3CD-929059082021}.Release|ARM64.Build.0 = Release|ARM64
		{3A871C11-66E5-4199-A3CD-929059082021}.Release|ARM64.Deploy.0 = Release|ARM64
		{3A871C11-66E5-4199-A3CD-929059082021}.Release|x64.ActiveCfg = Release|x64
		{3A871C11-66E5-4199-A3CD-929059082021}.Release|x64.Build.0 = Release|x64
		{3A871C11-66E5-4199-A3CD-929059082021}.Release|x64.Deploy.0 = Release|x64
		{3A871C11-66E5-4199-A3CD-929059082021}.Release|x86.ActiveCfg = Release|Win32
		{3A871C11-66E5-4199-A3CD-929059082021}.Release|x86.Build.0 = Release|Win32
		{3A871C11-66E5-4199-A3CD-929059082021}.Release|x86.Deploy.0 = Release|Win32
		{72FB3CD0-3DA0-41E2-A662-84336A82E58B}.Debug|ARM64.ActiveCfg = Debug|x64
		{72FB3CD0-3DA0-41E2-A662-84336A82E58B}.Debug|ARM64.Build.0 = Debug|x64
		{72FB3CD0-3DA0-41E2-A662-84336A82E58B}.Debug|x64.ActiveCfg = Debug|x64
		{72FB3CD0-3DA0-41E2-A662-84336A82E58B}.Debug|x64.Build.0 = Debug|x64
		{72FB3CD0-3DA0-41E2-A662-84336A82E58B}.Debug|x86.ActiveCfg = Debug|Win32
		{72FB3CD0-3DA0-41E2-A662-84336A82E58B}.Debug|x86.Build.0 = Debug|Win32
		{72FB3CD0-3DA0-41E2-A662-84336A82E58B}.Release|ARM64.ActiveCfg = Release|x64
		{72FB3CD0-3DA0-41E2-A662-84336A82E58B}.Release|ARM64.Build.0 = Release|x64
		{72FB3CD0-3DA0-41E2-A662-84336A82E58B}.Release|x64.ActiveCfg = Release|x64
		{72FB3CD0-3DA0-41E2-A662-84336A82E58B}.Release|x64.Build.0 = Release|x64
		{72FB3CD0-3DA0-41E2-A662-84336A82E58B}.Release|x86.ActiveCfg = Release|Win32
		{72FB3CD0-3DA0-41E2-A662-84336A82E58B}.Release|x86.Build.0 = Release|Win32
	EndGlobalSection
	GlobalSection(SolutionProperties) = preSolution
		HideSolutionNode = FALSE
	EndGlobalSection
	GlobalSection(ExtensibilityGlobals) = postSolution
		SolutionGuid = {DED73E50-0E3C-49D3-9F66-394C413D32D1}
	EndGlobalSection
EndGlobal
